
Microsoft Visual Studio Solution File, Format Version 12.00
Project("{FAE04EC0-301F-11D3-BF4B-00C04F79EFBC}") = "ExpenseTracker", "ExpenseTracker\ExpenseTracker.csproj", "{0E6F4BAE-E902-4DB6-9537-D7BD4000B6D6}"
EndProject
Project("{FAE04EC0-301F-11D3-BF4B-00C04F79EFBC}") = "ExpenseTrackerTests", "ExpenseTrackerTests\ExpenseTrackerTests.csproj", "{0459C784-57D2-418E-B189-40E22976D2A7}"
EndProject
Global
	GlobalSection(SolutionConfigurationPlatforms) = preSolution
		Debug|Any CPU = Debug|Any CPU
		Release|Any CPU = Release|Any CPU
	EndGlobalSection
	GlobalSection(ProjectConfigurationPlatforms) = postSolution
		{0E6F4BAE-E902-4DB6-9537-D7BD4000B6D6}.Debug|Any CPU.ActiveCfg = Debug|Any CPU
		{0E6F4BAE-E902-4DB6-9537-D7BD4000B6D6}.Debug|Any CPU.Build.0 = Debug|Any CPU
		{0E6F4BAE-E902-4DB6-9537-D7BD4000B6D6}.Release|Any CPU.ActiveCfg = Release|Any CPU
		{0E6F4BAE-E902-4DB6-9537-D7BD4000B6D6}.Release|Any CPU.Build.0 = Release|Any CPU
		{0459C784-57D2-418E-B189-40E22976D2A7}.Debug|Any CPU.ActiveCfg = Debug|Any CPU
		{0459C784-57D2-418E-B189-40E22976D2A7}.Debug|Any CPU.Build.0 = Debug|Any CPU
		{0459C784-57D2-418E-B189-40E22976D2A7}.Release|Any CPU.ActiveCfg = Release|Any CPU
		{0459C784-57D2-418E-B189-40E22976D2A7}.Release|Any CPU.Build.0 = Release|Any CPU
	EndGlobalSection
EndGlobal
